
Microsoft Visual Studio Solution File, Format Version 12.00
# Visual Studio 15
VisualStudioVersion = 15.0.27703.2018
MinimumVisualStudioVersion = 10.0.40219.1
Project("{FAE04EC0-301F-11D3-BF4B-00C04F79EFBC}") = "getHub project", "getHub project\getHub project.csproj", "{90637C43-D490-49E1-8037-8585F818DC8B}"
EndProject
Global
	GlobalSection(SolutionConfigurationPlatforms) = preSolution
		Debug|Any CPU = Debug|Any CPU
		Release|Any CPU = Release|Any CPU
	EndGlobalSection
	GlobalSection(ProjectConfigurationPlatforms) = postSolution
		{90637C43-D490-49E1-8037-8585F818DC8B}.Debug|Any CPU.ActiveCfg = Debug|Any CPU
		{90637C43-D490-49E1-8037-8585F818DC8B}.Debug|Any CPU.Build.0 = Debug|Any CPU
		{90637C43-D490-49E1-8037-8585F818DC8B}.Release|Any CPU.ActiveCfg = Release|Any CPU
		{90637C43-D490-49E1-8037-8585F818DC8B}.Release|Any CPU.Build.0 = Release|Any CPU
	EndGlobalSection
	GlobalSection(SolutionProperties) = preSolution
		HideSolutionNode = FALSE
	EndGlobalSection
	GlobalSection(ExtensibilityGlobals) = postSolution
		SolutionGuid = {69890657-8F21-48B2-B486-D78865B0C708}
	EndGlobalSection
EndGlobal
